{
  "requires": true,
  "lockfileVersion": 1,
  "dependencies": {
    "guid-typescript": {
      "version": "1.0.7",
      "resolved": "https://registry.npmjs.org/guid-typescript/-/guid-typescript-1.0.7.tgz",
      "integrity": "sha512-j1XPiaDUuNa0PO8EyGAikyKMpAnGbSDzr81UAzXz3H2xAoQW3c2hH8RS7Omo+DEgtD9emYdgJaxnfKZPYtDNRQ=="
    }
  }
}
